
Microsoft Visual Studio Solution File, Format Version 12.00
# Visual Studio Version 16
VisualStudioVersion = 16.0.29609.76
MinimumVisualStudioVersion = 10.0.40219.1
Project("{D954291E-2A0B-460D-934E-DC6B0785DB48}") = "TestJint.Shared", "TestJint\TestJint.Shared\TestJint.Shared.shproj", "{6279C845-92F8-4333-AB99-3D213163593C}"
EndProject
Project("{FAE04EC0-301F-11D3-BF4B-00C04F79EFBC}") = "TestJint.Droid", "TestJint\TestJint.Droid\TestJint.Droid.csproj", "{993951BB-9FD9-4B3C-A689-4602FCDF131F}"
EndProject
Project("{FAE04EC0-301F-11D3-BF4B-00C04F79EFBC}") = "TestJint.iOS", "TestJint\TestJint.iOS\TestJint.iOS.csproj", "{67AE7023-9DDC-466D-B57A-67A54D190EB8}"
EndProject
Project("{FAE04EC0-301F-11D3-BF4B-00C04F79EFBC}") = "TestJint.UWP", "TestJint\TestJint.UWP\TestJint.UWP.csproj", "{475B7F4B-C1AF-4E87-9CB8-2BE325285419}"
EndProject
Project("{9A19103F-16F7-4668-BE54-9A1E7A4F7556}") = "TestJint.Wasm", "TestJint\TestJint.Wasm\TestJint.Wasm.csproj", "{8F00C1FD-5132-485E-9366-180AD4658019}"
EndProject
Global
	GlobalSection(SharedMSBuildProjectFiles) = preSolution
		TestJint\TestJint.Shared\TestJint.Shared.projitems*{475b7f4b-c1af-4e87-9cb8-2be325285419}*SharedItemsImports = 4
		TestJint\TestJint.Shared\TestJint.Shared.projitems*{6279c845-92f8-4333-ab99-3d213163593c}*SharedItemsImports = 13
		TestJint\TestJint.Shared\TestJint.Shared.projitems*{67ae7023-9ddc-466d-b57a-67a54d190eb8}*SharedItemsImports = 4
		TestJint\TestJint.Shared\TestJint.Shared.projitems*{993951bb-9fd9-4b3c-a689-4602fcdf131f}*SharedItemsImports = 4
	EndGlobalSection
	GlobalSection(SolutionConfigurationPlatforms) = preSolution
		Ad-Hoc|Any CPU = Ad-Hoc|Any CPU
		Ad-Hoc|ARM = Ad-Hoc|ARM
		Ad-Hoc|iPhone = Ad-Hoc|iPhone
		Ad-Hoc|iPhoneSimulator = Ad-Hoc|iPhoneSimulator
		Ad-Hoc|x64 = Ad-Hoc|x64
		Ad-Hoc|x86 = Ad-Hoc|x86
		AppStore|Any CPU = AppStore|Any CPU
		AppStore|ARM = AppStore|ARM
		AppStore|iPhone = AppStore|iPhone
		AppStore|iPhoneSimulator = AppStore|iPhoneSimulator
		AppStore|x64 = AppStore|x64
		AppStore|x86 = AppStore|x86
		Debug|Any CPU = Debug|Any CPU
		Debug|ARM = Debug|ARM
		Debug|iPhone = Debug|iPhone
		Debug|iPhoneSimulator = Debug|iPhoneSimulator
		Debug|x64 = Debug|x64
		Debug|x86 = Debug|x86
		Release|Any CPU = Release|Any CPU
		Release|ARM = Release|ARM
		Release|iPhone = Release|iPhone
		Release|iPhoneSimulator = Release|iPhoneSimulator
		Release|x64 = Release|x64
		Release|x86 = Release|x86
	EndGlobalSection
	GlobalSection(ProjectConfigurationPlatforms) = postSolution
		{993951BB-9FD9-4B3C-A689-4602FCDF131F}.Ad-Hoc|Any CPU.ActiveCfg = Release|Any CPU
		{993951BB-9FD9-4B3C-A689-4602FCDF131F}.Ad-Hoc|Any CPU.Build.0 = Release|Any CPU
		{993951BB-9FD9-4B3C-A689-4602FCDF131F}.Ad-Hoc|Any CPU.Deploy.0 = Release|Any CPU
		{993951BB-9FD9-4B3C-A689-4602FCDF131F}.Ad-Hoc|ARM.ActiveCfg = Release|Any CPU
		{993951BB-9FD9-4B3C-A689-4602FCDF131F}.Ad-Hoc|ARM.Build.0 = Release|Any CPU
		{993951BB-9FD9-4B3C-A689-4602FCDF131F}.Ad-Hoc|ARM.Deploy.0 = Release|Any CPU
		{993951BB-9FD9-4B3C-A689-4602FCDF131F}.Ad-Hoc|iPhone.ActiveCfg = Release|Any CPU
		{993951BB-9FD9-4B3C-A689-4602FCDF131F}.Ad-Hoc|iPhone.Build.0 = Release|Any CPU
		{993951BB-9FD9-4B3C-A689-4602FCDF131F}.Ad-Hoc|iPhone.Deploy.0 = Release|Any CPU
		{993951BB-9FD9-4B3C-A689-4602FCDF131F}.Ad-Hoc|iPhoneSimulator.ActiveCfg = Release|Any CPU
		{993951BB-9FD9-4B3C-A689-4602FCDF131F}.Ad-Hoc|iPhoneSimulator.Build.0 = Release|Any CPU
		{993951BB-9FD9-4B3C-A689-4602FCDF131F}.Ad-Hoc|iPhoneSimulator.Deploy.0 = Release|Any CPU
		{993951BB-9FD9-4B3C-A689-4602FCDF131F}.Ad-Hoc|x64.ActiveCfg = Release|Any CPU
		{993951BB-9FD9-4B3C-A689-4602FCDF131F}.Ad-Hoc|x64.Build.0 = Release|Any CPU
		{993951BB-9FD9-4B3C-A689-4602FCDF131F}.Ad-Hoc|x64.Deploy.0 = Release|Any CPU
		{993951BB-9FD9-4B3C-A689-4602FCDF131F}.Ad-Hoc|x86.ActiveCfg = Release|Any CPU
		{993951BB-9FD9-4B3C-A689-4602FCDF131F}.Ad-Hoc|x86.Build.0 = Release|Any CPU
		{993951BB-9FD9-4B3C-A689-4602FCDF131F}.Ad-Hoc|x86.Deploy.0 = Release|Any CPU
		{993951BB-9FD9-4B3C-A689-4602FCDF131F}.AppStore|Any CPU.ActiveCfg = Release|Any CPU
		{993951BB-9FD9-4B3C-A689-4602FCDF131F}.AppStore|Any CPU.Build.0 = Release|Any CPU
		{993951BB-9FD9-4B3C-A689-4602FCDF131F}.AppStore|Any CPU.Deploy.0 = Release|Any CPU
		{993951BB-9FD9-4B3C-A689-4602FCDF131F}.AppStore|ARM.ActiveCfg = Release|Any CPU
		{993951BB-9FD9-4B3C-A689-4602FCDF131F}.AppStore|ARM.Build.0 = Release|Any CPU
		{993951BB-9FD9-4B3C-A689-4602FCDF131F}.AppStore|ARM.Deploy.0 = Release|Any CPU
		{993951BB-9FD9-4B3C-A689-4602FCDF131F}.AppStore|iPhone.ActiveCfg = Release|Any CPU
		{993951BB-9FD9-4B3C-A689-4602FCDF131F}.AppStore|iPhone.Build.0 = Release|Any CPU
		{993951BB-9FD9-4B3C-A689-4602FCDF131F}.AppStore|iPhone.Deploy.0 = Release|Any CPU
		{993951BB-9FD9-4B3C-A689-4602FCDF131F}.AppStore|iPhoneSimulator.ActiveCfg = Release|Any CPU
		{993951BB-9FD9-4B3C-A689-4602FCDF131F}.AppStore|iPhoneSimulator.Build.0 = Release|Any CPU
		{993951BB-9FD9-4B3C-A689-4602FCDF131F}.AppStore|iPhoneSimulator.Deploy.0 = Release|Any CPU
		{993951BB-9FD9-4B3C-A689-4602FCDF131F}.AppStore|x64.ActiveCfg = Release|Any CPU
		{993951BB-9FD9-4B3C-A689-4602FCDF131F}.AppStore|x64.Build.0 = Release|Any CPU
		{993951BB-9FD9-4B3C-A689-4602FCDF131F}.AppStore|x64.Deploy.0 = Release|Any CPU
		{993951BB-9FD9-4B3C-A689-4602FCDF131F}.AppStore|x86.ActiveCfg = Release|Any CPU
		{993951BB-9FD9-4B3C-A689-4602FCDF131F}.AppStore|x86.Build.0 = Release|Any CPU
		{993951BB-9FD9-4B3C-A689-4602FCDF131F}.AppStore|x86.Deploy.0 = Release|Any CPU
		{993951BB-9FD9-4B3C-A689-4602FCDF131F}.Debug|Any CPU.ActiveCfg = Debug|Any CPU
		{993951BB-9FD9-4B3C-A689-4602FCDF131F}.Debug|Any CPU.Build.0 = Debug|Any CPU
		{993951BB-9FD9-4B3C-A689-4602FCDF131F}.Debug|Any CPU.Deploy.0 = Debug|Any CPU
		{993951BB-9FD9-4B3C-A689-4602FCDF131F}.Debug|ARM.ActiveCfg = Debug|Any CPU
		{993951BB-9FD9-4B3C-A689-4602FCDF131F}.Debug|ARM.Build.0 = Debug|Any CPU
		{993951BB-9FD9-4B3C-A689-4602FCDF131F}.Debug|ARM.Deploy.0 = Debug|Any CPU
		{993951BB-9FD9-4B3C-A689-4602FCDF131F}.Debug|iPhone.ActiveCfg = Debug|Any CPU
		{993951BB-9FD9-4B3C-A689-4602FCDF131F}.Debug|iPhone.Build.0 = Debug|Any CPU
		{993951BB-9FD9-4B3C-A689-4602FCDF131F}.Debug|iPhone.Deploy.0 = Debug|Any CPU
		{993951BB-9FD9-4B3C-A689-4602FCDF131F}.Debug|iPhoneSimulator.ActiveCfg = Debug|Any CPU
		{993951BB-9FD9-4B3C-A689-4602FCDF131F}.Debug|iPhoneSimulator.Build.0 = Debug|Any CPU
		{993951BB-9FD9-4B3C-A689-4602FCDF131F}.Debug|iPhoneSimulator.Deploy.0 = Debug|Any CPU
		{993951BB-9FD9-4B3C-A689-4602FCDF131F}.Debug|x64.ActiveCfg = Debug|Any CPU
		{993951BB-9FD9-4B3C-A689-4602FCDF131F}.Debug|x64.Build.0 = Debug|Any CPU
		{993951BB-9FD9-4B3C-A689-4602FCDF131F}.Debug|x64.Deploy.0 = Debug|Any CPU
		{993951BB-9FD9-4B3C-A689-4602FCDF131F}.Debug|x86.ActiveCfg = Debug|Any CPU
		{993951BB-9FD9-4B3C-A689-4602FCDF131F}.Debug|x86.Build.0 = Debug|Any CPU
		{993951BB-9FD9-4B3C-A689-4602FCDF131F}.Debug|x86.Deploy.0 = Debug|Any CPU
		{993951BB-9FD9-4B3C-A689-4602FCDF131F}.Release|Any CPU.ActiveCfg = Release|Any CPU
		{993951BB-9FD9-4B3C-A689-4602FCDF131F}.Release|Any CPU.Build.0 = Release|Any CPU
		{993951BB-9FD9-4B3C-A689-4602FCDF131F}.Release|Any CPU.Deploy.0 = Release|Any CPU
		{993951BB-9FD9-4B3C-A689-4602FCDF131F}.Release|ARM.ActiveCfg = Release|Any CPU
		{993951BB-9FD9-4B3C-A689-4602FCDF131F}.Release|ARM.Build.0 = Release|Any CPU
		{993951BB-9FD9-4B3C-A689-4602FCDF131F}.Release|ARM.Deploy.0 = Release|Any CPU
		{993951BB-9FD9-4B3C-A689-4602FCDF131F}.Release|iPhone.ActiveCfg = Release|Any CPU
		{993951BB-9FD9-4B3C-A689-4602FCDF131F}.Release|iPhone.Build.0 = Release|Any CPU
		{993951BB-9FD9-4B3C-A689-4602FCDF131F}.Release|iPhone.Deploy.0 = Release|Any CPU
		{993951BB-9FD9-4B3C-A689-4602FCDF131F}.Release|iPhoneSimulator.ActiveCfg = Release|Any CPU
		{993951BB-9FD9-4B3C-A689-4602FCDF131F}.Release|iPhoneSimulator.Build.0 = Release|Any CPU
		{993951BB-9FD9-4B3C-A689-4602FCDF131F}.Release|iPhoneSimulator.Deploy.0 = Release|Any CPU
		{993951BB-9FD9-4B3C-A689-4602FCDF131F}.Release|x64.ActiveCfg = Release|Any CPU
		{993951BB-9FD9-4B3C-A689-4602FCDF131F}.Release|x64.Build.0 = Release|Any CPU
		{993951BB-9FD9-4B3C-A689-4602FCDF131F}.Release|x64.Deploy.0 = Release|Any CPU
		{993951BB-9FD9-4B3C-A689-4602FCDF131F}.Release|x86.ActiveCfg = Release|Any CPU
		{993951BB-9FD9-4B3C-A689-4602FCDF131F}.Release|x86.Build.0 = Release|Any CPU
		{993951BB-9FD9-4B3C-A689-4602FCDF131F}.Release|x86.Deploy.0 = Release|Any CPU
		{67AE7023-9DDC-466D-B57A-67A54D190EB8}.Ad-Hoc|Any CPU.ActiveCfg = Ad-Hoc|iPhone
		{67AE7023-9DDC-466D-B57A-67A54D190EB8}.Ad-Hoc|ARM.ActiveCfg = Ad-Hoc|iPhone
		{67AE7023-9DDC-466D-B57A-67A54D190EB8}.Ad-Hoc|iPhone.ActiveCfg = Ad-Hoc|iPhone
		{67AE7023-9DDC-466D-B57A-67A54D190EB8}.Ad-Hoc|iPhone.Build.0 = Ad-Hoc|iPhone
		{67AE7023-9DDC-466D-B57A-67A54D190EB8}.Ad-Hoc|iPhoneSimulator.ActiveCfg = Ad-Hoc|iPhoneSimulator
		{67AE7023-9DDC-466D-B57A-67A54D190EB8}.Ad-Hoc|iPhoneSimulator.Build.0 = Ad-Hoc|iPhoneSimulator
		{67AE7023-9DDC-466D-B57A-67A54D190EB8}.Ad-Hoc|x64.ActiveCfg = Ad-Hoc|iPhone
		{67AE7023-9DDC-466D-B57A-67A54D190EB8}.Ad-Hoc|x86.ActiveCfg = Ad-Hoc|iPhone
		{67AE7023-9DDC-466D-B57A-67A54D190EB8}.AppStore|Any CPU.ActiveCfg = AppStore|iPhone
		{67AE7023-9DDC-466D-B57A-67A54D190EB8}.AppStore|ARM.ActiveCfg = AppStore|iPhone
		{67AE7023-9DDC-466D-B57A-67A54D190EB8}.AppStore|iPhone.ActiveCfg = AppStore|iPhone
		{67AE7023-9DDC-466D-B57A-67A54D190EB8}.AppStore|iPhone.Build.0 = AppStore|iPhone
		{67AE7023-9DDC-466D-B57A-67A54D190EB8}.AppStore|iPhoneSimulator.ActiveCfg = AppStore|iPhoneSimulator
		{67AE7023-9DDC-466D-B57A-67A54D190EB8}.AppStore|iPhoneSimulator.Build.0 = AppStore|iPhoneSimulator
		{67AE7023-9DDC-466D-B57A-67A54D190EB8}.AppStore|x64.ActiveCfg = AppStore|iPhone
		{67AE7023-9DDC-466D-B57A-67A54D190EB8}.AppStore|x86.ActiveCfg = AppStore|iPhone
		{67AE7023-9DDC-466D-B57A-67A54D190EB8}.Debug|Any CPU.ActiveCfg = Debug|iPhone
		{67AE7023-9DDC-466D-B57A-67A54D190EB8}.Debug|Any CPU.Build.0 = Debug|iPhone
		{67AE7023-9DDC-466D-B57A-67A54D190EB8}.Debug|ARM.ActiveCfg = Debug|iPhone
		{67AE7023-9DDC-466D-B57A-67A54D190EB8}.Debug|iPhone.ActiveCfg = Debug|iPhone
		{67AE7023-9DDC-466D-B57A-67A54D190EB8}.Debug|iPhone.Build.0 = Debug|iPhone
		{67AE7023-9DDC-466D-B57A-67A54D190EB8}.Debug|iPhoneSimulator.ActiveCfg = Debug|iPhoneSimulator
		{67AE7023-9DDC-466D-B57A-67A54D190EB8}.Debug|iPhoneSimulator.Build.0 = Debug|iPhoneSimulator
		{67AE7023-9DDC-466D-B57A-67A54D190EB8}.Debug|x64.ActiveCfg = Debug|iPhone
		{67AE7023-9DDC-466D-B57A-67A54D190EB8}.Debug|x86.ActiveCfg = Debug|iPhone
		{67AE7023-9DDC-466D-B57A-67A54D190EB8}.Release|Any CPU.ActiveCfg = Release|iPhone
		{67AE7023-9DDC-466D-B57A-67A54D190EB8}.Release|ARM.ActiveCfg = Release|iPhone
		{67AE7023-9DDC-466D-B57A-67A54D190EB8}.Release|iPhone.ActiveCfg = Release|iPhone
		{67AE7023-9DDC-466D-B57A-67A54D190EB8}.Release|iPhone.Build.0 = Release|iPhone
		{67AE7023-9DDC-466D-B57A-67A54D190EB8}.Release|iPhoneSimulator.ActiveCfg = Release|iPhoneSimulator
		{67AE7023-9DDC-466D-B57A-67A54D190EB8}.Release|iPhoneSimulator.Build.0 = Release|iPhoneSimulator
		{67AE7023-9DDC-466D-B57A-67A54D190EB8}.Release|x64.ActiveCfg = Release|iPhone
		{67AE7023-9DDC-466D-B57A-67A54D190EB8}.Release|x86.ActiveCfg = Release|iPhone
		{475B7F4B-C1AF-4E87-9CB8-2BE325285419}.Ad-Hoc|Any CPU.ActiveCfg = Release|x64
		{475B7F4B-C1AF-4E87-9CB8-2BE325285419}.Ad-Hoc|Any CPU.Build.0 = Release|x64
		{475B7F4B-C1AF-4E87-9CB8-2BE325285419}.Ad-Hoc|Any CPU.Deploy.0 = Release|x64
		{475B7F4B-C1AF-4E87-9CB8-2BE325285419}.Ad-Hoc|ARM.ActiveCfg = Release|ARM
		{475B7F4B-C1AF-4E87-9CB8-2BE325285419}.Ad-Hoc|ARM.Build.0 = Release|ARM
		{475B7F4B-C1AF-4E87-9CB8-2BE325285419}.Ad-Hoc|ARM.Deploy.0 = Release|ARM
		{475B7F4B-C1AF-4E87-9CB8-2BE325285419}.Ad-Hoc|iPhone.ActiveCfg = Release|x64
		{475B7F4B-C1AF-4E87-9CB8-2BE325285419}.Ad-Hoc|iPhone.Build.0 = Release|x64
		{475B7F4B-C1AF-4E87-9CB8-2BE325285419}.Ad-Hoc|iPhone.Deploy.0 = Release|x64
		{475B7F4B-C1AF-4E87-9CB8-2BE325285419}.Ad-Hoc|iPhoneSimulator.ActiveCfg = Release|x64
		{475B7F4B-C1AF-4E87-9CB8-2BE325285419}.Ad-Hoc|iPhoneSimulator.Build.0 = Release|x64
		{475B7F4B-C1AF-4E87-9CB8-2BE325285419}.Ad-Hoc|iPhoneSimulator.Deploy.0 = Release|x64
		{475B7F4B-C1AF-4E87-9CB8-2BE325285419}.Ad-Hoc|x64.ActiveCfg = Release|x64
		{475B7F4B-C1AF-4E87-9CB8-2BE325285419}.Ad-Hoc|x64.Build.0 = Release|x64
		{475B7F4B-C1AF-4E87-9CB8-2BE325285419}.Ad-Hoc|x64.Deploy.0 = Release|x64
		{475B7F4B-C1AF-4E87-9CB8-2BE325285419}.Ad-Hoc|x86.ActiveCfg = Release|x86
		{475B7F4B-C1AF-4E87-9CB8-2BE325285419}.Ad-Hoc|x86.Build.0 = Release|x86
		{475B7F4B-C1AF-4E87-9CB8-2BE325285419}.Ad-Hoc|x86.Deploy.0 = Release|x86
		{475B7F4B-C1AF-4E87-9CB8-2BE325285419}.AppStore|Any CPU.ActiveCfg = Release|x64
		{475B7F4B-C1AF-4E87-9CB8-2BE325285419}.AppStore|Any CPU.Build.0 = Release|x64
		{475B7F4B-C1AF-4E87-9CB8-2BE325285419}.AppStore|Any CPU.Deploy.0 = Release|x64
		{475B7F4B-C1AF-4E87-9CB8-2BE325285419}.AppStore|ARM.ActiveCfg = Release|ARM
		{475B7F4B-C1AF-4E87-9CB8-2BE325285419}.AppStore|ARM.Build.0 = Release|ARM
		{475B7F4B-C1AF-4E87-9CB8-2BE325285419}.AppStore|ARM.Deploy.0 = Release|ARM
		{475B7F4B-C1AF-4E87-9CB8-2BE325285419}.AppStore|iPhone.ActiveCfg = Release|x64
		{475B7F4B-C1AF-4E87-9CB8-2BE325285419}.AppStore|iPhone.Build.0 = Release|x64
		{475B7F4B-C1AF-4E87-9CB8-2BE325285419}.AppStore|iPhone.Deploy.0 = Release|x64
		{475B7F4B-C1AF-4E87-9CB8-2BE325285419}.AppStore|iPhoneSimulator.ActiveCfg = Release|x64
		{475B7F4B-C1AF-4E87-9CB8-2BE325285419}.AppStore|iPhoneSimulator.Build.0 = Release|x64
		{475B7F4B-C1AF-4E87-9CB8-2BE325285419}.AppStore|iPhoneSimulator.Deploy.0 = Release|x64
		{475B7F4B-C1AF-4E87-9CB8-2BE325285419}.AppStore|x64.ActiveCfg = Release|x64
		{475B7F4B-C1AF-4E87-9CB8-2BE325285419}.AppStore|x64.Build.0 = Release|x64
		{475B7F4B-C1AF-4E87-9CB8-2BE325285419}.AppStore|x64.Deploy.0 = Release|x64
		{475B7F4B-C1AF-4E87-9CB8-2BE325285419}.AppStore|x86.ActiveCfg = Release|x86
		{475B7F4B-C1AF-4E87-9CB8-2BE325285419}.AppStore|x86.Build.0 = Release|x86
		{475B7F4B-C1AF-4E87-9CB8-2BE325285419}.AppStore|x86.Deploy.0 = Release|x86
		{475B7F4B-C1AF-4E87-9CB8-2BE325285419}.Debug|Any CPU.ActiveCfg = Debug|x86
		{475B7F4B-C1AF-4E87-9CB8-2BE325285419}.Debug|Any CPU.Build.0 = Debug|x86
		{475B7F4B-C1AF-4E87-9CB8-2BE325285419}.Debug|Any CPU.Deploy.0 = Debug|x86
		{475B7F4B-C1AF-4E87-9CB8-2BE325285419}.Debug|ARM.ActiveCfg = Debug|ARM
		{475B7F4B-C1AF-4E87-9CB8-2BE325285419}.Debug|ARM.Build.0 = Debug|ARM
		{475B7F4B-C1AF-4E87-9CB8-2BE325285419}.Debug|ARM.Deploy.0 = Debug|ARM
		{475B7F4B-C1AF-4E87-9CB8-2BE325285419}.Debug|iPhone.ActiveCfg = Debug|x86
		{475B7F4B-C1AF-4E87-9CB8-2BE325285419}.Debug|iPhoneSimulator.ActiveCfg = Debug|x86
		{475B7F4B-C1AF-4E87-9CB8-2BE325285419}.Debug|x64.ActiveCfg = Debug|x64
		{475B7F4B-C1AF-4E87-9CB8-2BE325285419}.Debug|x64.Build.0 = Debug|x64
		{475B7F4B-C1AF-4E87-9CB8-2BE325285419}.Debug|x64.Deploy.0 = Debug|x64
		{475B7F4B-C1AF-4E87-9CB8-2BE325285419}.Debug|x86.ActiveCfg = Debug|x86
		{475B7F4B-C1AF-4E87-9CB8-2BE325285419}.Debug|x86.Build.0 = Debug|x86
		{475B7F4B-C1AF-4E87-9CB8-2BE325285419}.Debug|x86.Deploy.0 = Debug|x86
		{475B7F4B-C1AF-4E87-9CB8-2BE325285419}.Release|Any CPU.ActiveCfg = Release|x86
		{475B7F4B-C1AF-4E87-9CB8-2BE325285419}.Release|ARM.ActiveCfg = Release|ARM
		{475B7F4B-C1AF-4E87-9CB8-2BE325285419}.Release|ARM.Build.0 = Release|ARM
		{475B7F4B-C1AF-4E87-9CB8-2BE325285419}.Release|ARM.Deploy.0 = Release|ARM
		{475B7F4B-C1AF-4E87-9CB8-2BE325285419}.Release|iPhone.ActiveCfg = Release|x86
		{475B7F4B-C1AF-4E87-9CB8-2BE325285419}.Release|iPhoneSimulator.ActiveCfg = Release|x86
		{475B7F4B-C1AF-4E87-9CB8-2BE325285419}.Release|x64.ActiveCfg = Release|x64
		{475B7F4B-C1AF-4E87-9CB8-2BE325285419}.Release|x64.Build.0 = Release|x64
		{475B7F4B-C1AF-4E87-9CB8-2BE325285419}.Release|x64.Deploy.0 = Release|x64
		{475B7F4B-C1AF-4E87-9CB8-2BE325285419}.Release|x86.ActiveCfg = Release|x86
		{475B7F4B-C1AF-4E87-9CB8-2BE325285419}.Release|x86.Build.0 = Release|x86
		{475B7F4B-C1AF-4E87-9CB8-2BE325285419}.Release|x86.Deploy.0 = Release|x86
		{8F00C1FD-5132-485E-9366-180AD4658019}.Ad-Hoc|Any CPU.ActiveCfg = Debug|Any CPU
		{8F00C1FD-5132-485E-9366-180AD4658019}.Ad-Hoc|Any CPU.Build.0 = Debug|Any CPU
		{8F00C1FD-5132-485E-9366-180AD4658019}.Ad-Hoc|ARM.ActiveCfg = Debug|Any CPU
		{8F00C1FD-5132-485E-9366-180AD4658019}.Ad-Hoc|ARM.Build.0 = Debug|Any CPU
		{8F00C1FD-5132-485E-9366-180AD4658019}.Ad-Hoc|iPhone.ActiveCfg = Debug|Any CPU
		{8F00C1FD-5132-485E-9366-180AD4658019}.Ad-Hoc|iPhone.Build.0 = Debug|Any CPU
		{8F00C1FD-5132-485E-9366-180AD4658019}.Ad-Hoc|iPhoneSimulator.ActiveCfg = Debug|Any CPU
		{8F00C1FD-5132-485E-9366-180AD4658019}.Ad-Hoc|iPhoneSimulator.Build.0 = Debug|Any CPU
		{8F00C1FD-5132-485E-9366-180AD4658019}.Ad-Hoc|x64.ActiveCfg = Debug|Any CPU
		{8F00C1FD-5132-485E-9366-180AD4658019}.Ad-Hoc|x64.Build.0 = Debug|Any CPU
		{8F00C1FD-5132-485E-9366-180AD4658019}.Ad-Hoc|x86.ActiveCfg = Debug|Any CPU
		{8F00C1FD-5132-485E-9366-180AD4658019}.Ad-Hoc|x86.Build.0 = Debug|Any CPU
		{8F00C1FD-5132-485E-9366-180AD4658019}.AppStore|Any CPU.ActiveCfg = Debug|Any CPU
		{8F00C1FD-5132-485E-9366-180AD4658019}.AppStore|Any CPU.Build.0 = Debug|Any CPU
		{8F00C1FD-5132-485E-9366-180AD4658019}.AppStore|ARM.ActiveCfg = Debug|Any CPU
		{8F00C1FD-5132-485E-9366-180AD4658019}.AppStore|ARM.Build.0 = Debug|Any CPU
		{8F00C1FD-5132-485E-9366-180AD4658019}.AppStore|iPhone.ActiveCfg = Debug|Any CPU
		{8F00C1FD-5132-485E-9366-180AD4658019}.AppStore|iPhone.Build.0 = Debug|Any CPU
		{8F00C1FD-5132-485E-9366-180AD4658019}.AppStore|iPhoneSimulator.ActiveCfg = Debug|Any CPU
		{8F00C1FD-5132-485E-9366-180AD4658019}.AppStore|iPhoneSimulator.Build.0 = Debug|Any CPU
		{8F00C1FD-5132-485E-9366-180AD4658019}.AppStore|x64.ActiveCfg = Debug|Any CPU
		{8F00C1FD-5132-485E-9366-180AD4658019}.AppStore|x64.Build.0 = Debug|Any CPU
		{8F00C1FD-5132-485E-9366-180AD4658019}.AppStore|x86.ActiveCfg = Debug|Any CPU
		{8F00C1FD-5132-485E-9366-180AD4658019}.AppStore|x86.Build.0 = Debug|Any CPU
		{8F00C1FD-5132-485E-9366-180AD4658019}.Debug|Any CPU.ActiveCfg = Debug|Any CPU
		{8F00C1FD-5132-485E-9366-180AD4658019}.Debug|Any CPU.Build.0 = Debug|Any CPU
		{8F00C1FD-5132-485E-9366-180AD4658019}.Debug|ARM.ActiveCfg = Debug|Any CPU
		{8F00C1FD-5132-485E-9366-180AD4658019}.Debug|ARM.Build.0 = Debug|Any CPU
		{8F00C1FD-5132-485E-9366-180AD4658019}.Debug|iPhone.ActiveCfg = Debug|Any CPU
		{8F00C1FD-5132-485E-9366-180AD4658019}.Debug|iPhone.Build.0 = Debug|Any CPU
		{8F00C1FD-5132-485E-9366-180AD4658019}.Debug|iPhoneSimulator.ActiveCfg = Debug|Any CPU
		{8F00C1FD-5132-485E-9366-180AD4658019}.Debug|iPhoneSimulator.Build.0 = Debug|Any CPU
		{8F00C1FD-5132-485E-9366-180AD4658019}.Debug|x64.ActiveCfg = Debug|Any CPU
		{8F00C1FD-5132-485E-9366-180AD4658019}.Debug|x64.Build.0 = Debug|Any CPU
		{8F00C1FD-5132-485E-9366-180AD4658019}.Debug|x86.ActiveCfg = Debug|Any CPU
		{8F00C1FD-5132-485E-9366-180AD4658019}.Debug|x86.Build.0 = Debug|Any CPU
		{8F00C1FD-5132-485E-9366-180AD4658019}.Release|Any CPU.ActiveCfg = Release|Any CPU
		{8F00C1FD-5132-485E-9366-180AD4658019}.Release|Any CPU.Build.0 = Release|Any CPU
		{8F00C1FD-5132-485E-9366-180AD4658019}.Release|ARM.ActiveCfg = Release|Any CPU
		{8F00C1FD-5132-485E-9366-180AD4658019}.Release|ARM.Build.0 = Release|Any CPU
		{8F00C1FD-5132-485E-9366-180AD4658019}.Release|iPhone.ActiveCfg = Release|Any CPU
		{8F00C1FD-5132-485E-9366-180AD4658019}.Release|iPhone.Build.0 = Release|Any CPU
		{8F00C1FD-5132-485E-9366-180AD4658019}.Release|iPhoneSimulator.ActiveCfg = Release|Any CPU
		{8F00C1FD-5132-485E-9366-180AD4658019}.Release|iPhoneSimulator.Build.0 = Release|Any CPU
		{8F00C1FD-5132-485E-9366-180AD4658019}.Release|x64.ActiveCfg = Release|Any CPU
		{8F00C1FD-5132-485E-9366-180AD4658019}.Release|x64.Build.0 = Release|Any CPU
		{8F00C1FD-5132-485E-9366-180AD4658019}.Release|x86.ActiveCfg = Release|Any CPU
		{8F00C1FD-5132-485E-9366-180AD4658019}.Release|x86.Build.0 = Release|Any CPU
	EndGlobalSection
	GlobalSection(SolutionProperties) = preSolution
		HideSolutionNode = FALSE
	EndGlobalSection
	GlobalSection(ExtensibilityGlobals) = postSolution
		SolutionGuid = {36A29ACA-A587-4C1E-9521-0A8BD1B07ADC}
	EndGlobalSection
EndGlobal
